
Microsoft Visual Studio Solution File, Format Version 12.00
# Visual Studio Version 16
VisualStudioVersion = 16.0.31729.503
MinimumVisualStudioVersion = 10.0.40219.1
Project("{FAE04EC0-301F-11D3-BF4B-00C04F79EFBC}") = "Semana3BMiguelPino.Android", "Semana3BMiguelPino.Android\Semana3BMiguelPino.Android.csproj", "{CFBA17A6-ED0B-4AD8-83CC-0D1FB20A8A51}"
EndProject
Project("{FAE04EC0-301F-11D3-BF4B-00C04F79EFBC}") = "Semana3BMiguelPino.iOS", "Semana3BMiguelPino.iOS\Semana3BMiguelPino.iOS.csproj", "{5CF61BFB-7E4A-4A82-A556-2D58E00C8611}"
EndProject
Project("{FAE04EC0-301F-11D3-BF4B-00C04F79EFBC}") = "Semana3BMiguelPino", "Semana3BMiguelPino\Semana3BMiguelPino.csproj", "{9521A917-8415-4550-9EC8-63F68FAC8039}"
EndProject
Global
	GlobalSection(SolutionConfigurationPlatforms) = preSolution
		Debug|Any CPU = Debug|Any CPU
		Debug|iPhone = Debug|iPhone
		Debug|iPhoneSimulator = Debug|iPhoneSimulator
		Release|Any CPU = Release|Any CPU
		Release|iPhone = Release|iPhone
		Release|iPhoneSimulator = Release|iPhoneSimulator
	EndGlobalSection
	GlobalSection(ProjectConfigurationPlatforms) = postSolution
		{CFBA17A6-ED0B-4AD8-83CC-0D1FB20A8A51}.Debug|Any CPU.ActiveCfg = Debug|Any CPU
		{CFBA17A6-ED0B-4AD8-83CC-0D1FB20A8A51}.Debug|Any CPU.Build.0 = Debug|Any CPU
		{CFBA17A6-ED0B-4AD8-83CC-0D1FB20A8A51}.Debug|Any CPU.Deploy.0 = Debug|Any CPU
		{CFBA17A6-ED0B-4AD8-83CC-0D1FB20A8A51}.Debug|iPhone.ActiveCfg = Debug|Any CPU
		{CFBA17A6-ED0B-4AD8-83CC-0D1FB20A8A51}.Debug|iPhone.Build.0 = Debug|Any CPU
		{CFBA17A6-ED0B-4AD8-83CC-0D1FB20A8A51}.Debug|iPhone.Deploy.0 = Debug|Any CPU
		{CFBA17A6-ED0B-4AD8-83CC-0D1FB20A8A51}.Debug|iPhoneSimulator.ActiveCfg = Debug|Any CPU
		{CFBA17A6-ED0B-4AD8-83CC-0D1FB20A8A51}.Debug|iPhoneSimulator.Build.0 = Debug|Any CPU
		{CFBA17A6-ED0B-4AD8-83CC-0D1FB20A8A51}.Debug|iPhoneSimulator.Deploy.0 = Debug|Any CPU
		{CFBA17A6-ED0B-4AD8-83CC-0D1FB20A8A51}.Release|Any CPU.ActiveCfg = Release|Any CPU
		{CFBA17A6-ED0B-4AD8-83CC-0D1FB20A8A51}.Release|Any CPU.Build.0 = Release|Any CPU
		{CFBA17A6-ED0B-4AD8-83CC-0D1FB20A8A51}.Release|Any CPU.Deploy.0 = Release|Any CPU
		{CFBA17A6-ED0B-4AD8-83CC-0D1FB20A8A51}.Release|iPhone.ActiveCfg = Release|Any CPU
		{CFBA17A6-ED0B-4AD8-83CC-0D1FB20A8A51}.Release|iPhone.Build.0 = Release|Any CPU
		{CFBA17A6-ED0B-4AD8-83CC-0D1FB20A8A51}.Release|iPhone.Deploy.0 = Release|Any CPU
		{CFBA17A6-ED0B-4AD8-83CC-0D1FB20A8A51}.Release|iPhoneSimulator.ActiveCfg = Release|Any CPU
		{CFBA17A6-ED0B-4AD8-83CC-0D1FB20A8A51}.Release|iPhoneSimulator.Build.0 = Release|Any CPU
		{CFBA17A6-ED0B-4AD8-83CC-0D1FB20A8A51}.Release|iPhoneSimulator.Deploy.0 = Release|Any CPU
		{5CF61BFB-7E4A-4A82-A556-2D58E00C8611}.Debug|Any CPU.ActiveCfg = Debug|iPhone
		{5CF61BFB-7E4A-4A82-A556-2D58E00C8611}.Debug|Any CPU.Build.0 = Debug|iPhone
		{5CF61BFB-7E4A-4A82-A556-2D58E00C8611}.Debug|Any CPU.Deploy.0 = Debug|iPhone
		{5CF61BFB-7E4A-4A82-A556-2D58E00C8611}.Debug|iPhone.ActiveCfg = Debug|iPhone
		{5CF61BFB-7E4A-4A82-A556-2D58E00C8611}.Debug|iPhone.Build.0 = Debug|iPhone
		{5CF61BFB-7E4A-4A82-A556-2D58E00C8611}.Debug|iPhone.Deploy.0 = Debug|iPhone
		{5CF61BFB-7E4A-4A82-A556-2D58E00C8611}.Debug|iPhoneSimulator.ActiveCfg = Debug|iPhoneSimulator
		{5CF61BFB-7E4A-4A82-A556-2D58E00C8611}.Debug|iPhoneSimulator.Build.0 = Debug|iPhoneSimulator
		{5CF61BFB-7E4A-4A82-A556-2D58E00C8611}.Debug|iPhoneSimulator.Deploy.0 = Debug|iPhoneSimulator
		{5CF61BFB-7E4A-4A82-A556-2D58E00C8611}.Release|Any CPU.ActiveCfg = Release|iPhoneSimulator
		{5CF61BFB-7E4A-4A82-A556-2D58E00C8611}.Release|Any CPU.Build.0 = Release|iPhoneSimulator
		{5CF61BFB-7E4A-4A82-A556-2D58E00C8611}.Release|Any CPU.Deploy.0 = Release|iPhoneSimulator
		{5CF61BFB-7E4A-4A82-A556-2D58E00C8611}.Release|iPhone.ActiveCfg = Release|iPhone
		{5CF61BFB-7E4A-4A82-A556-2D58E00C8611}.Release|iPhone.Build.0 = Release|iPhone
		{5CF61BFB-7E4A-4A82-A556-2D58E00C8611}.Release|iPhone.Deploy.0 = Release|iPhone
		{5CF61BFB-7E4A-4A82-A556-2D58E00C8611}.Release|iPhoneSimulator.ActiveCfg = Release|iPhoneSimulator
		{5CF61BFB-7E4A-4A82-A556-2D58E00C8611}.Release|iPhoneSimulator.Build.0 = Release|iPhoneSimulator
		{5CF61BFB-7E4A-4A82-A556-2D58E00C8611}.Release|iPhoneSimulator.Deploy.0 = Release|iPhoneSimulator
		{9521A917-8415-4550-9EC8-63F68FAC8039}.Debug|Any CPU.ActiveCfg = Debug|Any CPU
		{9521A917-8415-4550-9EC8-63F68FAC8039}.Debug|Any CPU.Build.0 = Debug|Any CPU
		{9521A917-8415-4550-9EC8-63F68FAC8039}.Debug|Any CPU.Deploy.0 = Debug|Any CPU
		{9521A917-8415-4550-9EC8-63F68FAC8039}.Debug|iPhone.ActiveCfg = Debug|Any CPU
		{9521A917-8415-4550-9EC8-63F68FAC8039}.Debug|iPhone.Build.0 = Debug|Any CPU
		{9521A917-8415-4550-9EC8-63F68FAC8039}.Debug|iPhone.Deploy.0 = Debug|Any CPU
		{9521A917-8415-4550-9EC8-63F68FAC8039}.Debug|iPhoneSimulator.ActiveCfg = Debug|Any CPU
		{9521A917-8415-4550-9EC8-63F68FAC8039}.Debug|iPhoneSimulator.Build.0 = Debug|Any CPU
		{9521A917-8415-4550-9EC8-63F68FAC8039}.Debug|iPhoneSimulator.Deploy.0 = Debug|Any CPU
		{9521A917-8415-4550-9EC8-63F68FAC8039}.Release|Any CPU.ActiveCfg = Release|Any CPU
		{9521A917-8415-4550-9EC8-63F68FAC8039}.Release|Any CPU.Build.0 = Release|Any CPU
		{9521A917-8415-4550-9EC8-63F68FAC8039}.Release|Any CPU.Deploy.0 = Release|Any CPU
		{9521A917-8415-4550-9EC8-63F68FAC8039}.Release|iPhone.ActiveCfg = Release|Any CPU
		{9521A917-8415-4550-9EC8-63F68FAC8039}.Release|iPhone.Build.0 = Release|Any CPU
		{9521A917-8415-4550-9EC8-63F68FAC8039}.Release|iPhone.Deploy.0 = Release|Any CPU
		{9521A917-8415-4550-9EC8-63F68FAC8039}.Release|iPhoneSimulator.ActiveCfg = Release|Any CPU
		{9521A917-8415-4550-9EC8-63F68FAC8039}.Release|iPhoneSimulator.Build.0 = Release|Any CPU
		{9521A917-8415-4550-9EC8-63F68FAC8039}.Release|iPhoneSimulator.Deploy.0 = Release|Any CPU
	EndGlobalSection
	GlobalSection(SolutionProperties) = preSolution
		HideSolutionNode = FALSE
	EndGlobalSection
	GlobalSection(ExtensibilityGlobals) = postSolution
		SolutionGuid = {E0224B9F-C74E-42C3-9510-36E14E8EBB49}
	EndGlobalSection
EndGlobal
